// !$*UTF8*$!
{
	archiveVersion = 1;
	classes = {
	};
	objectVersion = 51;
	objects = {

/* Begin PBXBuildFile section */
		0ECECB1D81CD1E01AE7D8983 /* Pods_Parstagram.framework in Frameworks */ = {isa = PBXBuildFile; fileRef = 3287B2EF96941DBF644F1C4F /* Pods_Parstagram.framework */; };
		1D82AA89D4102192B2DE249F /* Pods_ParstagramTests.framework in Frameworks */ = {isa = PBXBuildFile; fileRef = 565CD72758B1F336FA6AD273 /* Pods_ParstagramTests.framework */; };
		91F1F4FC4A83E9B3187256AE /* Pods_Parstagram_ParstagramUITests.framework in Frameworks */ = {isa = PBXBuildFile; fileRef = 439F6F86CA7EACC413566D67 /* Pods_Parstagram_ParstagramUITests.framework */; };
		AE6B3C92240CD5FE002F795C /* Main.storyboard in Resources */ = {isa = PBXBuildFile; fileRef = AE6B3C91240CD5FE002F795C /* Main.storyboard */; };
		AE6B3C94240CD6A5002F795C /* LoginViewController.swift in Sources */ = {isa = PBXBuildFile; fileRef = AE6B3C93240CD6A5002F795C /* LoginViewController.swift */; };
		AE6B3C98240CE111002F795C /* CameraViewController.swift in Sources */ = {isa = PBXBuildFile; fileRef = AE6B3C97240CE111002F795C /* CameraViewController.swift */; };
		AE6B3C9C240CFCE9002F795C /* FeedViewController.swift in Sources */ = {isa = PBXBuildFile; fileRef = AE6B3C9B240CFCE9002F795C /* FeedViewController.swift */; };
		AE6B3C9E240D04D9002F795C /* PostCell.swift in Sources */ = {isa = PBXBuildFile; fileRef = AE6B3C9D240D04D9002F795C /* PostCell.swift */; };
		AE98D107240C94420099F9C5 /* AppDelegate.swift in Sources */ = {isa = PBXBuildFile; fileRef = AE98D106240C94420099F9C5 /* AppDelegate.swift */; };
		AE98D10D240C94460099F9C5 /* Assets.xcassets in Resources */ = {isa = PBXBuildFile; fileRef = AE98D10C240C94460099F9C5 /* Assets.xcassets */; };
		AE98D110240C94460099F9C5 /* Preview Assets.xcassets in Resources */ = {isa = PBXBuildFile; fileRef = AE98D10F240C94460099F9C5 /* Preview Assets.xcassets */; };
		AE98D113240C94460099F9C5 /* LaunchScreen.storyboard in Resources */ = {isa = PBXBuildFile; fileRef = AE98D111240C94460099F9C5 /* LaunchScreen.storyboard */; };
		AE98D11E240C94460099F9C5 /* ParstagramTests.swift in Sources */ = {isa = PBXBuildFile; fileRef = AE98D11D240C94460099F9C5 /* ParstagramTests.swift */; };
		AE98D129240C94460099F9C5 /* ParstagramUITests.swift in Sources */ = {isa = PBXBuildFile; fileRef = AE98D128240C94460099F9C5 /* ParstagramUITests.swift */; };
/* End PBXBuildFile section */

/* Begin PBXContainerItemProxy section */
		AE98D11A240C94460099F9C5 /* PBXContainerItemProxy */ = {
			isa = PBXContainerItemProxy;
			containerPortal = AE98D0FB240C94420099F9C5 /* Project object */;
			proxyType = 1;
			remoteGlobalIDString = AE98D102240C94420099F9C5;
			remoteInfo = Parstagram;
		};
		AE98D125240C94460099F9C5 /* PBXContainerItemProxy */ = {
			isa = PBXContainerItemProxy;
			containerPortal = AE98D0FB240C94420099F9C5 /* Project object */;
			proxyType = 1;
			remoteGlobalIDString = AE98D102240C94420099F9C5;
			remoteInfo = Parstagram;
		};
/* End PBXContainerItemProxy section */

/* Begin PBXFileReference section */
		3287B2EF96941DBF644F1C4F /* Pods_Parstagram.framework */ = {isa = PBXFileReference; explicitFileType = wrapper.framework; includeInIndex = 0; path = Pods_Parstagram.framework; sourceTree = BUILT_PRODUCTS_DIR; };
		3C65C4B3D6F17BDD08119AD8 /* Pods-ParstagramTests.debug.xcconfig */ = {isa = PBXFileReference; includeInIndex = 1; lastKnownFileType = text.xcconfig; name = "Pods-ParstagramTests.debug.xcconfig"; path = "Target Support Files/Pods-ParstagramTests/Pods-ParstagramTests.debug.xcconfig"; sourceTree = "<group>"; };
		439F6F86CA7EACC413566D67 /* Pods_Parstagram_ParstagramUITests.framework */ = {isa = PBXFileReference; explicitFileType = wrapper.framework; includeInIndex = 0; path = Pods_Parstagram_ParstagramUITests.framework; sourceTree = BUILT_PRODUCTS_DIR; };
		565CD72758B1F336FA6AD273 /* Pods_ParstagramTests.framework */ = {isa = PBXFileReference; explicitFileType = wrapper.framework; includeInIndex = 0; path = Pods_ParstagramTests.framework; sourceTree = BUILT_PRODUCTS_DIR; };
		AE6B3C91240CD5FE002F795C /* Main.storyboard */ = {isa = PBXFileReference; lastKnownFileType = file.storyboard; path = Main.storyboard; sourceTree = "<group>"; };
		AE6B3C93240CD6A5002F795C /* LoginViewController.swift */ = {isa = PBXFileReference; lastKnownFileType = sourcecode.swift; path = LoginViewController.swift; sourceTree = "<group>"; };
		AE6B3C97240CE111002F795C /* CameraViewController.swift */ = {isa = PBXFileReference; lastKnownFileType = sourcecode.swift; path = CameraViewController.swift; sourceTree = "<group>"; };
		AE6B3C9B240CFCE9002F795C /* FeedViewController.swift */ = {isa = PBXFileReference; lastKnownFileType = sourcecode.swift; path = FeedViewController.swift; sourceTree = "<group>"; };
		AE6B3C9D240D04D9002F795C /* PostCell.swift */ = {isa = PBXFileReference; lastKnownFileType = sourcecode.swift; path = PostCell.swift; sourceTree = "<group>"; };
		AE98D103240C94420099F9C5 /* Parstagram.app */ = {isa = PBXFileReference; explicitFileType = wrapper.application; includeInIndex = 0; path = Parstagram.app; sourceTree = BUILT_PRODUCTS_DIR; };
		AE98D106240C94420099F9C5 /* AppDelegate.swift */ = {isa = PBXFileReference; lastKnownFileType = sourcecode.swift; path = AppDelegate.swift; sourceTree = "<group>"; };
		AE98D10C240C94460099F9C5 /* Assets.xcassets */ = {isa = PBXFileReference; lastKnownFileType = folder.assetcatalog; path = Assets.xcassets; sourceTree = "<group>"; };
		AE98D10F240C94460099F9C5 /* Preview Assets.xcassets */ = {isa = PBXFileReference; lastKnownFileType = folder.assetcatalog; path = "Preview Assets.xcassets"; sourceTree = "<group>"; };
		AE98D112240C94460099F9C5 /* Base */ = {isa = PBXFileReference; lastKnownFileType = file.storyboard; name = Base; path = Base.lproj/LaunchScreen.storyboard; sourceTree = "<group>"; };
		AE98D114240C94460099F9C5 /* Info.plist */ = {isa = PBXFileReference; lastKnownFileType = text.plist.xml; path = Info.plist; sourceTree = "<group>"; };
		AE98D119240C94460099F9C5 /* ParstagramTests.xctest */ = {isa = PBXFileReference; explicitFileType = wrapper.cfbundle; includeInIndex = 0; path = ParstagramTests.xctest; sourceTree = BUILT_PRODUCTS_DIR; };
		AE98D11D240C94460099F9C5 /* ParstagramTests.swift */ = {isa = PBXFileReference; lastKnownFileType = sourcecode.swift; path = ParstagramTests.swift; sourceTree = "<group>"; };
		AE98D11F240C94460099F9C5 /* Info.plist */ = {isa = PBXFileReference; lastKnownFileType = text.plist.xml; path = Info.plist; sourceTree = "<group>"; };
		AE98D124240C94460099F9C5 /* ParstagramUITests.xctest */ = {isa = PBXFileReference; explicitFileType = wrapper.cfbundle; includeInIndex = 0; path = ParstagramUITests.xctest; sourceTree = BUILT_PRODUCTS_DIR; };
		AE98D128240C94460099F9C5 /* ParstagramUITests.swift */ = {isa = PBXFileReference; lastKnownFileType = sourcecode.swift; path = ParstagramUITests.swift; sourceTree = "<group>"; };
		AE98D12A240C94460099F9C5 /* Info.plist */ = {isa = PBXFileReference; lastKnownFileType = text.plist.xml; path = Info.plist; sourceTree = "<group>"; };
		BB822D4A3B60956EAB4860B9 /* Pods-ParstagramTests.release.xcconfig */ = {isa = PBXFileReference; includeInIndex = 1; lastKnownFileType = text.xcconfig; name = "Pods-ParstagramTests.release.xcconfig"; path = "Target Support Files/Pods-ParstagramTests/Pods-ParstagramTests.release.xcconfig"; sourceTree = "<group>"; };
		C0DAE02A522F3D45FC94AC5D /* Pods-Parstagram-ParstagramUITests.debug.xcconfig */ = {isa = PBXFileReference; includeInIndex = 1; lastKnownFileType = text.xcconfig; name = "Pods-Parstagram-ParstagramUITests.debug.xcconfig"; path = "Target Support Files/Pods-Parstagram-ParstagramUITests/Pods-Parstagram-ParstagramUITests.debug.xcconfig"; sourceTree = "<group>"; };
		D291795DBB5D73ED604C715C /* Pods-Parstagram-ParstagramUITests.release.xcconfig */ = {isa = PBXFileReference; includeInIndex = 1; lastKnownFileType = text.xcconfig; name = "Pods-Parstagram-ParstagramUITests.release.xcconfig"; path = "Target Support Files/Pods-Parstagram-ParstagramUITests/Pods-Parstagram-ParstagramUITests.release.xcconfig"; sourceTree = "<group>"; };
		D75EB2C8390076CAB0D3B1DA /* Pods-Parstagram.debug.xcconfig */ = {isa = PBXFileReference; includeInIndex = 1; lastKnownFileType = text.xcconfig; name = "Pods-Parstagram.debug.xcconfig"; path = "Target Support Files/Pods-Parstagram/Pods-Parstagram.debug.xcconfig"; sourceTree = "<group>"; };
		EDDFDA78CC698CA10A997FD8 /* Pods-Parstagram.release.xcconfig */ = {isa = PBXFileReference; includeInIndex = 1; lastKnownFileType = text.xcconfig; name = "Pods-Parstagram.release.xcconfig"; path = "Target Support Files/Pods-Parstagram/Pods-Parstagram.release.xcconfig"; sourceTree = "<group>"; };
/* End PBXFileReference section */

/* Begin PBXFrameworksBuildPhase section */
		AE98D100240C94420099F9C5 /* Frameworks */ = {
			isa = PBXFrameworksBuildPhase;
			buildActionMask = 2147483647;
			files = (
				0ECECB1D81CD1E01AE7D8983 /* Pods_Parstagram.framework in Frameworks */,
			);
			runOnlyForDeploymentPostprocessing = 0;
		};
		AE98D116240C94460099F9C5 /* Frameworks */ = {
			isa = PBXFrameworksBuildPhase;
			buildActionMask = 2147483647;
			files = (
				1D82AA89D4102192B2DE249F /* Pods_ParstagramTests.framework in Frameworks */,
			);
			runOnlyForDeploymentPostprocessing = 0;
		};
		AE98D121240C94460099F9C5 /* Frameworks */ = {
			isa = PBXFrameworksBuildPhase;
			buildActionMask = 2147483647;
			files = (
				91F1F4FC4A83E9B3187256AE /* Pods_Parstagram_ParstagramUITests.framework in Frameworks */,
			);
			runOnlyForDeploymentPostprocessing = 0;
		};
/* End PBXFrameworksBuildPhase section */

/* Begin PBXGroup section */
		432206B80906E62E395A94D4 /* Frameworks */ = {
			isa = PBXGroup;
			children = (
				3287B2EF96941DBF644F1C4F /* Pods_Parstagram.framework */,
				439F6F86CA7EACC413566D67 /* Pods_Parstagram_ParstagramUITests.framework */,
				565CD72758B1F336FA6AD273 /* Pods_ParstagramTests.framework */,
			);
			name = Frameworks;
			sourceTree = "<group>";
		};
		AE98D0FA240C94420099F9C5 = {
			isa = PBXGroup;
			children = (
				AE98D105240C94420099F9C5 /* Parstagram */,
				AE98D11C240C94460099F9C5 /* ParstagramTests */,
				AE98D127240C94460099F9C5 /* ParstagramUITests */,
				AE98D104240C94420099F9C5 /* Products */,
				E0CD8536557E17CEF722CCAA /* Pods */,
				432206B80906E62E395A94D4 /* Frameworks */,
			);
			sourceTree = "<group>";
		};
		AE98D104240C94420099F9C5 /* Products */ = {
			isa = PBXGroup;
			children = (
				AE98D103240C94420099F9C5 /* Parstagram.app */,
				AE98D119240C94460099F9C5 /* ParstagramTests.xctest */,
				AE98D124240C94460099F9C5 /* ParstagramUITests.xctest */,
			);
			name = Products;
			sourceTree = "<group>";
		};
		AE98D105240C94420099F9C5 /* Parstagram */ = {
			isa = PBXGroup;
			children = (
				AE98D106240C94420099F9C5 /* AppDelegate.swift */,
				AE98D10C240C94460099F9C5 /* Assets.xcassets */,
				AE98D111240C94460099F9C5 /* LaunchScreen.storyboard */,
				AE6B3C91240CD5FE002F795C /* Main.storyboard */,
				AE98D114240C94460099F9C5 /* Info.plist */,
				AE98D10E240C94460099F9C5 /* Preview Content */,
				AE6B3C93240CD6A5002F795C /* LoginViewController.swift */,
				AE6B3C97240CE111002F795C /* CameraViewController.swift */,
				AE6B3C9B240CFCE9002F795C /* FeedViewController.swift */,
				AE6B3C9D240D04D9002F795C /* PostCell.swift */,
			);
			path = Parstagram;
			sourceTree = "<group>";
		};
		AE98D10E240C94460099F9C5 /* Preview Content */ = {
			isa = PBXGroup;
			children = (
				AE98D10F240C94460099F9C5 /* Preview Assets.xcassets */,
			);
			path = "Preview Content";
			sourceTree = "<group>";
		};
		AE98D11C240C94460099F9C5 /* ParstagramTests */ = {
			isa = PBXGroup;
			children = (
				AE98D11D240C94460099F9C5 /* ParstagramTests.swift */,
				AE98D11F240C94460099F9C5 /* Info.plist */,
			);
			path = ParstagramTests;
			sourceTree = "<group>";
		};
		AE98D127240C94460099F9C5 /* ParstagramUITests */ = {
			isa = PBXGroup;
			children = (
				AE98D128240C94460099F9C5 /* ParstagramUITests.swift */,
				AE98D12A240C94460099F9C5 /* Info.plist */,
			);
			path = ParstagramUITests;
			sourceTree = "<group>";
		};
		E0CD8536557E17CEF722CCAA /* Pods */ = {
			isa = PBXGroup;
			children = (
				D75EB2C8390076CAB0D3B1DA /* Pods-Parstagram.debug.xcconfig */,
				EDDFDA78CC698CA10A997FD8 /* Pods-Parstagram.release.xcconfig */,
				C0DAE02A522F3D45FC94AC5D /* Pods-Parstagram-ParstagramUITests.debug.xcconfig */,
				D291795DBB5D73ED604C715C /* Pods-Parstagram-ParstagramUITests.release.xcconfig */,
				3C65C4B3D6F17BDD08119AD8 /* Pods-ParstagramTests.debug.xcconfig */,
				BB822D4A3B60956EAB4860B9 /* Pods-ParstagramTests.release.xcconfig */,
			);
			path = Pods;
			sourceTree = "<group>";
		};
/* End PBXGroup section */

/* Begin PBXNativeTarget section */
		AE98D102240C94420099F9C5 /* Parstagram */ = {
			isa = PBXNativeTarget;
			buildConfigurationList = AE98D12D240C94460099F9C5 /* Build configuration list for PBXNativeTarget "Parstagram" */;
			buildPhases = (
				67BA2655E0899D9672DD0553 /* [CP] Check Pods Manifest.lock */,
				AE98D0FF240C94420099F9C5 /* Sources */,
				AE98D100240C94420099F9C5 /* Frameworks */,
				AE98D101240C94420099F9C5 /* Resources */,
				257E4A2B0C6915E513D7EFCF /* [CP] Embed Pods Frameworks */,
			);
			buildRules = (
			);
			dependencies = (
			);
			name = Parstagram;
			productName = Parstagram;
			productReference = AE98D103240C94420099F9C5 /* Parstagram.app */;
			productType = "com.apple.product-type.application";
		};
		AE98D118240C94460099F9C5 /* ParstagramTests */ = {
			isa = PBXNativeTarget;
			buildConfigurationList = AE98D130240C94460099F9C5 /* Build configuration list for PBXNativeTarget "ParstagramTests" */;
			buildPhases = (
				D40B3C463EBE3FA7C84F3AB0 /* [CP] Check Pods Manifest.lock */,
				AE98D115240C94460099F9C5 /* Sources */,
				AE98D116240C94460099F9C5 /* Frameworks */,
				AE98D117240C94460099F9C5 /* Resources */,
			);
			buildRules = (
			);
			dependencies = (
				AE98D11B240C94460099F9C5 /* PBXTargetDependency */,
			);
			name = ParstagramTests;
			productName = ParstagramTests;
			productReference = AE98D119240C94460099F9C5 /* ParstagramTests.xctest */;
			productType = "com.apple.product-type.bundle.unit-test";
		};
		AE98D123240C94460099F9C5 /* ParstagramUITests */ = {
			isa = PBXNativeTarget;
			buildConfigurationList = AE98D133240C94460099F9C5 /* Build configuration list for PBXNativeTarget "ParstagramUITests" */;
			buildPhases = (
				96CF824F2038D3E269433880 /* [CP] Check Pods Manifest.lock */,
				AE98D120240C94460099F9C5 /* Sources */,
				AE98D121240C94460099F9C5 /* Frameworks */,
				AE98D122240C94460099F9C5 /* Resources */,
				DA92539E38CE34AF8D44A820 /* [CP] Embed Pods Frameworks */,
			);
			buildRules = (
			);
			dependencies = (
				AE98D126240C94460099F9C5 /* PBXTargetDependency */,
			);
			name = ParstagramUITests;
			productName = ParstagramUITests;
			productReference = AE98D124240C94460099F9C5 /* ParstagramUITests.xctest */;
			productType = "com.apple.product-type.bundle.ui-testing";
		};
/* End PBXNativeTarget section */

/* Begin PBXProject section */
		AE98D0FB240C94420099F9C5 /* Project object */ = {
			isa = PBXProject;
			attributes = {
				LastSwiftUpdateCheck = 1130;
				LastUpgradeCheck = 1130;
				ORGANIZATIONNAME = "Cicely Beckford";
				TargetAttributes = {
					AE98D102240C94420099F9C5 = {
						CreatedOnToolsVersion = 11.3.1;
					};
					AE98D118240C94460099F9C5 = {
						CreatedOnToolsVersion = 11.3.1;
						TestTargetID = AE98D102240C94420099F9C5;
					};
					AE98D123240C94460099F9C5 = {
						CreatedOnToolsVersion = 11.3.1;
						TestTargetID = AE98D102240C94420099F9C5;
					};
				};
			};
			buildConfigurationList = AE98D0FE240C94420099F9C5 /* Build configuration list for PBXProject "Parstagram" */;
			compatibilityVersion = "Xcode 9.3";
			developmentRegion = en;
			hasScannedForEncodings = 0;
			knownRegions = (
				en,
				Base,
			);
			mainGroup = AE98D0FA240C94420099F9C5;
			productRefGroup = AE98D104240C94420099F9C5 /* Products */;
			projectDirPath = "";
			projectRoot = "";
			targets = (
				AE98D102240C94420099F9C5 /* Parstagram */,
				AE98D118240C94460099F9C5 /* ParstagramTests */,
				AE98D123240C94460099F9C5 /* ParstagramUITests */,
			);
		};
/* End PBXProject section */

/* Begin PBXResourcesBuildPhase section */
		AE98D101240C94420099F9C5 /* Resources */ = {
			isa = PBXResourcesBuildPhase;
			buildActionMask = 2147483647;
			files = (
				AE98D113240C94460099F9C5 /* LaunchScreen.storyboard in Resources */,
				AE98D110240C94460099F9C5 /* Preview Assets.xcassets in Resources */,
				AE98D10D240C94460099F9C5 /* Assets.xcassets in Resources */,
				AE6B3C92240CD5FE002F795C /* Main.storyboard in Resources */,
			);
			runOnlyForDeploymentPostprocessing = 0;
		};
		AE98D117240C94460099F9C5 /* Resources */ = {
			isa = PBXResourcesBuildPhase;
			buildActionMask = 2147483647;
			files = (
			);
			runOnlyForDeploymentPostprocessing = 0;
		};
		AE98D122240C94460099F9C5 /* Resources */ = {
			isa = PBXResourcesBuildPhase;
			buildActionMask = 2147483647;
			files = (
			);
			runOnlyForDeploymentPostprocessing = 0;
		};
/* End PBXResourcesBuildPhase section */

/* Begin PBXShellScriptBuildPhase section */
		257E4A2B0C6915E513D7EFCF /* [CP] Embed Pods Frameworks */ = {
			isa = PBXShellScriptBuildPhase;
			buildActionMask = 2147483647;
			files = (
			);
			inputFileListPaths = (
				"${PODS_ROOT}/Target Support Files/Pods-Parstagram/Pods-Parstagram-frameworks-${CONFIGURATION}-input-files.xcfilelist",
			);
			name = "[CP] Embed Pods Frameworks";
			outputFileListPaths = (
				"${PODS_ROOT}/Target Support Files/Pods-Parstagram/Pods-Parstagram-frameworks-${CONFIGURATION}-output-files.xcfilelist",
			);
			runOnlyForDeploymentPostprocessing = 0;
			shellPath = /bin/sh;
			shellScript = "\"${PODS_ROOT}/Target Support Files/Pods-Parstagram/Pods-Parstagram-frameworks.sh\"\n";
			showEnvVarsInLog = 0;
		};
		67BA2655E0899D9672DD0553 /* [CP] Check Pods Manifest.lock */ = {
			isa = PBXShellScriptBuildPhase;
			buildActionMask = 2147483647;
			files = (
			);
			inputFileListPaths = (
			);
			inputPaths = (
				"${PODS_PODFILE_DIR_PATH}/Podfile.lock",
				"${PODS_ROOT}/Manifest.lock",
			);
			name = "[CP] Check Pods Manifest.lock";
			outputFileListPaths = (
			);
			outputPaths = (
				"$(DERIVED_FILE_DIR)/Pods-Parstagram-checkManifestLockResult.txt",
			);
			runOnlyForDeploymentPostprocessing = 0;
			shellPath = /bin/sh;
			shellScript = "diff \"${PODS_PODFILE_DIR_PATH}/Podfile.lock\" \"${PODS_ROOT}/Manifest.lock\" > /dev/null\nif [ $? != 0 ] ; then\n    # print error to STDERR\n    echo \"error: The sandbox is not in sync with the Podfile.lock. Run 'pod install' or update your CocoaPods installation.\" >&2\n    exit 1\nfi\n# This output is used by Xcode 'outputs' to avoid re-running this script phase.\necho \"SUCCESS\" > \"${SCRIPT_OUTPUT_FILE_0}\"\n";
			showEnvVarsInLog = 0;
		};
		96CF824F2038D3E269433880 /* [CP] Check Pods Manifest.lock */ = {
			isa = PBXShellScriptBuildPhase;
			buildActionMask = 2147483647;
			files = (
			);
			inputFileListPaths = (
			);
			inputPaths = (
				"${PODS_PODFILE_DIR_PATH}/Podfile.lock",
				"${PODS_ROOT}/Manifest.lock",
			);
			name = "[CP] Check Pods Manifest.lock";
			outputFileListPaths = (
			);
			outputPaths = (
				"$(DERIVED_FILE_DIR)/Pods-Parstagram-ParstagramUITests-checkManifestLockResult.txt",
			);
			runOnlyForDeploymentPostprocessing = 0;
			shellPath = /bin/sh;
			shellScript = "diff \"${PODS_PODFILE_DIR_PATH}/Podfile.lock\" \"${PODS_ROOT}/Manifest.lock\" > /dev/null\nif [ $? != 0 ] ; then\n    # print error to STDERR\n    echo \"error: The sandbox is not in sync with the Podfile.lock. Run 'pod install' or update your CocoaPods installation.\" >&2\n    exit 1\nfi\n# This output is used by Xcode 'outputs' to avoid re-running this script phase.\necho \"SUCCESS\" > \"${SCRIPT_OUTPUT_FILE_0}\"\n";
			showEnvVarsInLog = 0;
		};
		D40B3C463EBE3FA7C84F3AB0 /* [CP] Check Pods Manifest.lock */ = {
			isa = PBXShellScriptBuildPhase;
			buildActionMask = 2147483647;
			files = (
			);
			inputFileListPaths = (
			);
			inputPaths = (
				"${PODS_PODFILE_DIR_PATH}/Podfile.lock",
				"${PODS_ROOT}/Manifest.lock",
			);
			name = "[CP] Check Pods Manifest.lock";
			outputFileListPaths = (
			);
			outputPaths = (
				"$(DERIVED_FILE_DIR)/Pods-ParstagramTests-checkManifestLockResult.txt",
			);
			runOnlyForDeploymentPostprocessing = 0;
			shellPath = /bin/sh;
			shellScript = "diff \"${PODS_PODFILE_DIR_PATH}/Podfile.lock\" \"${PODS_ROOT}/Manifest.lock\" > /dev/null\nif [ $? != 0 ] ; then\n    # print error to STDERR\n    echo \"error: The sandbox is not in sync with the Podfile.lock. Run 'pod install' or update your CocoaPods installation.\" >&2\n    exit 1\nfi\n# This output is used by Xcode 'outputs' to avoid re-running this script phase.\necho \"SUCCESS\" > \"${SCRIPT_OUTPUT_FILE_0}\"\n";
			showEnvVarsInLog = 0;
		};
		DA92539E38CE34AF8D44A820 /* [CP] Embed Pods Frameworks */ = {
			isa = PBXShellScriptBuildPhase;
			buildActionMask = 2147483647;
			files = (
			);
			inputFileListPaths = (
				"${PODS_ROOT}/Target Support Files/Pods-Parstagram-ParstagramUITests/Pods-Parstagram-ParstagramUITests-frameworks-${CONFIGURATION}-input-files.xcfilelist",
			);
			name = "[CP] Embed Pods Frameworks";
			outputFileListPaths = (
				"${PODS_ROOT}/Target Support Files/Pods-Parstagram-ParstagramUITests/Pods-Parstagram-ParstagramUITests-frameworks-${CONFIGURATION}-output-files.xcfilelist",
			);
			runOnlyForDeploymentPostprocessing = 0;
			shellPath = /bin/sh;
			shellScript = "\"${PODS_ROOT}/Target Support Files/Pods-Parstagram-ParstagramUITests/Pods-Parstagram-ParstagramUITests-frameworks.sh\"\n";
			showEnvVarsInLog = 0;
		};
/* End PBXShellScriptBuildPhase section */

/* Begin PBXSourcesBuildPhase section */
		AE98D0FF240C94420099F9C5 /* Sources */ = {
			isa = PBXSourcesBuildPhase;
			buildActionMask = 2147483647;
			files = (
				AE6B3C94240CD6A5002F795C /* LoginViewController.swift in Sources */,
				AE6B3C98240CE111002F795C /* CameraViewController.swift in Sources */,
				AE6B3C9C240CFCE9002F795C /* FeedViewController.swift in Sources */,
				AE98D107240C94420099F9C5 /* AppDelegate.swift in Sources */,
				AE6B3C9E240D04D9002F795C /* PostCell.swift in Sources */,
			);
			runOnlyForDeploymentPostprocessing = 0;
		};
		AE98D115240C94460099F9C5 /* Sources */ = {
			isa = PBXSourcesBuildPhase;
			buildActionMask = 2147483647;
			files = (
				AE98D11E240C94460099F9C5 /* ParstagramTests.swift in Sources */,
			);
			runOnlyForDeploymentPostprocessing = 0;
		};
		AE98D120240C94460099F9C5 /* Sources */ = {
			isa = PBXSourcesBuildPhase;
			buildActionMask = 2147483647;
			files = (
				AE98D129240C94460099F9C5 /* ParstagramUITests.swift in Sources */,
			);
			runOnlyForDeploymentPostprocessing = 0;
		};
/* End PBXSourcesBuildPhase section */

/* Begin PBXTargetDependency section */
		AE98D11B240C94460099F9C5 /* PBXTargetDependency */ = {
			isa = PBXTargetDependency;
			target = AE98D102240C94420099F9C5 /* Parstagram */;
			targetProxy = AE98D11A240C94460099F9C5 /* PBXContainerItemProxy */;
		};
		AE98D126240C94460099F9C5 /* PBXTargetDependency */ = {
			isa = PBXTargetDependency;
			target = AE98D102240C94420099F9C5 /* Parstagram */;
			targetProxy = AE98D125240C94460099F9C5 /* PBXContainerItemProxy */;
		};
/* End PBXTargetDependency section */

/* Begin PBXVariantGroup section */
		AE98D111240C94460099F9C5 /* LaunchScreen.storyboard */ = {
			isa = PBXVariantGroup;
			children = (
				AE98D112240C94460099F9C5 /* Base */,
			);
			name = LaunchScreen.storyboard;
			sourceTree = "<group>";
		};
/* End PBXVariantGroup section */

/* Begin XCBuildConfiguration section */
		AE98D12B240C94460099F9C5 /* Debug */ = {
			isa = XCBuildConfiguration;
			buildSettings = {
				ALWAYS_SEARCH_USER_PATHS = NO;
				CLANG_ANALYZER_NONNULL = YES;
				CLANG_ANALYZER_NUMBER_OBJECT_CONVERSION = YES_AGGRESSIVE;
				CLANG_CXX_LANGUAGE_STANDARD = "gnu++14";
				CLANG_CXX_LIBRARY = "libc++";
				CLANG_ENABLE_MODULES = YES;
				CLANG_ENABLE_OBJC_ARC = YES;
				CLANG_ENABLE_OBJC_WEAK = YES;
				CLANG_WARN_BLOCK_CAPTURE_AUTORELEASING = YES;
				CLANG_WARN_BOOL_CONVERSION = YES;
				CLANG_WARN_COMMA = YES;
				CLANG_WARN_CONSTANT_CONVERSION = YES;
				CLANG_WARN_DEPRECATED_OBJC_IMPLEMENTATIONS = YES;
				CLANG_WARN_DIRECT_OBJC_ISA_USAGE = YES_ERROR;
				CLANG_WARN_DOCUMENTATION_COMMENTS = YES;
				CLANG_WARN_EMPTY_BODY = YES;
				CLANG_WARN_ENUM_CONVERSION = YES;
				CLANG_WARN_INFINITE_RECURSION = YES;
				CLANG_WARN_INT_CONVERSION = YES;
				CLANG_WARN_NON_LITERAL_NULL_CONVERSION = YES;
				CLANG_WARN_OBJC_IMPLICIT_RETAIN_SELF = YES;
				CLANG_WARN_OBJC_LITERAL_CONVERSION = YES;
				CLANG_WARN_OBJC_ROOT_CLASS = YES_ERROR;
				CLANG_WARN_RANGE_LOOP_ANALYSIS = YES;
				CLANG_WARN_STRICT_PROTOTYPES = YES;
				CLANG_WARN_SUSPICIOUS_MOVE = YES;
				CLANG_WARN_UNGUARDED_AVAILABILITY = YES_AGGRESSIVE;
				CLANG_WARN_UNREACHABLE_CODE = YES;
				CLANG_WARN__DUPLICATE_METHOD_MATCH = YES;
				COPY_PHASE_STRIP = NO;
				DEBUG_INFORMATION_FORMAT = dwarf;
				ENABLE_STRICT_OBJC_MSGSEND = YES;
				ENABLE_TESTABILITY = YES;
				GCC_C_LANGUAGE_STANDARD = gnu11;
				GCC_DYNAMIC_NO_PIC = NO;
				GCC_NO_COMMON_BLOCKS = YES;
				GCC_OPTIMIZATION_LEVEL = 0;
				GCC_PREPROCESSOR_DEFINITIONS = (
					"DEBUG=1",
					"$(inherited)",
				);
				GCC_WARN_64_TO_32_BIT_CONVERSION = YES;
				GCC_WARN_ABOUT_RETURN_TYPE = YES_ERROR;
				GCC_WARN_UNDECLARED_SELECTOR = YES;
				GCC_WARN_UNINITIALIZED_AUTOS = YES_AGGRESSIVE;
				GCC_WARN_UNUSED_FUNCTION = YES;
				GCC_WARN_UNUSED_VARIABLE = YES;
				IPHONEOS_DEPLOYMENT_TARGET = 13.2;
				MTL_ENABLE_DEBUG_INFO = INCLUDE_SOURCE;
				MTL_FAST_MATH = YES;
				ONLY_ACTIVE_ARCH = YES;
				SDKROOT = iphoneos;
				SWIFT_ACTIVE_COMPILATION_CONDITIONS = DEBUG;
				SWIFT_OPTIMIZATION_LEVEL = "-Onone";
			};
			name = Debug;
		};
		AE98D12C240C94460099F9C5 /* Release */ = {
			isa = XCBuildConfiguration;
			buildSettings = {
				ALWAYS_SEARCH_USER_PATHS = NO;
				CLANG_ANALYZER_NONNULL = YES;
				CLANG_ANALYZER_NUMBER_OBJECT_CONVERSION = YES_AGGRESSIVE;
				CLANG_CXX_LANGUAGE_STANDARD = "gnu++14";
				CLANG_CXX_LIBRARY = "libc++";
				CLANG_ENABLE_MODULES = YES;
				CLANG_ENABLE_OBJC_ARC = YES;
				CLANG_ENABLE_OBJC_WEAK = YES;
				CLANG_WARN_BLOCK_CAPTURE_AUTORELEASING = YES;
				CLANG_WARN_BOOL_CONVERSION = YES;
				CLANG_WARN_COMMA = YES;
				CLANG_WARN_CONSTANT_CONVERSION = YES;
				CLANG_WARN_DEPRECATED_OBJC_IMPLEMENTATIONS = YES;
				CLANG_WARN_DIRECT_OBJC_ISA_USAGE = YES_ERROR;
				CLANG_WARN_DOCUMENTATION_COMMENTS = YES;
				CLANG_WARN_EMPTY_BODY = YES;
				CLANG_WARN_ENUM_CONVERSION = YES;
				CLANG_WARN_INFINITE_RECURSION = YES;
				CLANG_WARN_INT_CONVERSION = YES;
				CLANG_WARN_NON_LITERAL_NULL_CONVERSION = YES;
				CLANG_WARN_OBJC_IMPLICIT_RETAIN_SELF = YES;
				CLANG_WARN_OBJC_LITERAL_CONVERSION = YES;
				CLANG_WARN_OBJC_ROOT_CLASS = YES_ERROR;
				CLANG_WARN_RANGE_LOOP_ANALYSIS = YES;
				CLANG_WARN_STRICT_PROTOTYPES = YES;
				CLANG_WARN_SUSPICIOUS_MOVE = YES;
				CLANG_WARN_UNGUARDED_AVAILABILITY = YES_AGGRESSIVE;
				CLANG_WARN_UNREACHABLE_CODE = YES;
				CLANG_WARN__DUPLICATE_METHOD_MATCH = YES;
				COPY_PHASE_STRIP = NO;
				DEBUG_INFORMATION_FORMAT = "dwarf-with-dsym";
				ENABLE_NS_ASSERTIONS = NO;
				ENABLE_STRICT_OBJC_MSGSEND = YES;
				GCC_C_LANGUAGE_STANDARD = gnu11;
				GCC_NO_COMMON_BLOCKS = YES;
				GCC_WARN_64_TO_32_BIT_CONVERSION = YES;
				GCC_WARN_ABOUT_RETURN_TYPE = YES_ERROR;
				GCC_WARN_UNDECLARED_SELECTOR = YES;
				GCC_WARN_UNINITIALIZED_AUTOS = YES_AGGRESSIVE;
				GCC_WARN_UNUSED_FUNCTION = YES;
				GCC_WARN_UNUSED_VARIABLE = YES;
				IPHONEOS_DEPLOYMENT_TARGET = 13.2;
				MTL_ENABLE_DEBUG_INFO = NO;
				MTL_FAST_MATH = YES;
				SDKROOT = iphoneos;
				SWIFT_COMPILATION_MODE = wholemodule;
				SWIFT_OPTIMIZATION_LEVEL = "-O";
				VALIDATE_PRODUCT = YES;
			};
			name = Release;
		};
		AE98D12E240C94460099F9C5 /* Debug */ = {
			isa = XCBuildConfiguration;
			baseConfigurationReference = D75EB2C8390076CAB0D3B1DA /* Pods-Parstagram.debug.xcconfig */;
			buildSettings = {
				ASSETCATALOG_COMPILER_APPICON_NAME = AppIcon;
				CODE_SIGN_STYLE = Automatic;
				DEVELOPMENT_ASSET_PATHS = "\"Parstagram/Preview Content\"";
				ENABLE_PREVIEWS = YES;
				INFOPLIST_FILE = Parstagram/Info.plist;
				IPHONEOS_DEPLOYMENT_TARGET = 11.0;
				LD_RUNPATH_SEARCH_PATHS = (
					"$(inherited)",
					"@executable_path/Frameworks",
				);
				PRODUCT_BUNDLE_IDENTIFIER = Cmp.Parstagram;
				PRODUCT_NAME = "$(TARGET_NAME)";
				SWIFT_VERSION = 5.0;
				TARGETED_DEVICE_FAMILY = 1;
			};
			name = Debug;
		};
		AE98D12F240C94460099F9C5 /* Release */ = {
			isa = XCBuildConfiguration;
			baseConfigurationReference = EDDFDA78CC698CA10A997FD8 /* Pods-Parstagram.release.xcconfig */;
			buildSettings = {
				ASSETCATALOG_COMPILER_APPICON_NAME = AppIcon;
				CODE_SIGN_STYLE = Automatic;
				DEVELOPMENT_ASSET_PATHS = "\"Parstagram/Preview Content\"";
				ENABLE_PREVIEWS = YES;
				INFOPLIST_FILE = Parstagram/Info.plist;
				IPHONEOS_DEPLOYMENT_TARGET = 11.0;
				LD_RUNPATH_SEARCH_PATHS = (
					"$(inherited)",
					"@executable_path/Frameworks",
				);
				PRODUCT_BUNDLE_IDENTIFIER = Cmp.Parstagram;
				PRODUCT_NAME = "$(TARGET_NAME)";
				SWIFT_VERSION = 5.0;
				TARGETED_DEVICE_FAMILY = 1;
			};
			name = Release;
		};
		AE98D131240C94460099F9C5 /* Debug */ = {
			isa = XCBuildConfiguration;
			baseConfigurationReference = 3C65C4B3D6F17BDD08119AD8 /* Pods-ParstagramTests.debug.xcconfig */;
			buildSettings = {
				ALWAYS_EMBED_SWIFT_STANDARD_LIBRARIES = YES;
				BUNDLE_LOADER = "$(TEST_HOST)";
				CODE_SIGN_STYLE = Automatic;
				INFOPLIST_FILE = ParstagramTests/Info.plist;
				IPHONEOS_DEPLOYMENT_TARGET = 13.2;
				LD_RUNPATH_SEARCH_PATHS = (
					"$(inherited)",
					"@executable_path/Frameworks",
					"@loader_path/Frameworks",
				);
				PRODUCT_BUNDLE_IDENTIFIER = Cmp.ParstagramTests;
				PRODUCT_NAME = "$(TARGET_NAME)";
				SWIFT_VERSION = 5.0;
				TARGETED_DEVICE_FAMILY = "1,2";
				TEST_HOST = "$(BUILT_PRODUCTS_DIR)/Parstagram.app/Parstagram";
			};
			name = Debug;
		};
		AE98D132240C94460099F9C5 /* Release */ = {
			isa = XCBuildConfiguration;
			baseConfigurationReference = BB822D4A3B60956EAB4860B9 /* Pods-ParstagramTests.release.xcconfig */;
			buildSettings = {
				ALWAYS_EMBED_SWIFT_STANDARD_LIBRARIES = YES;
				BUNDLE_LOADER = "$(TEST_HOST)";
				CODE_SIGN_STYLE = Automatic;
				INFOPLIST_FILE = ParstagramTests/Info.plist;
				IPHONEOS_DEPLOYMENT_TARGET = 13.2;
				LD_RUNPATH_SEARCH_PATHS = (
					"$(inherited)",
					"@executable_path/Frameworks",
					"@loader_path/Frameworks",
				);
				PRODUCT_BUNDLE_IDENTIFIER = Cmp.ParstagramTests;
				PRODUCT_NAME = "$(TARGET_NAME)";
				SWIFT_VERSION = 5.0;
				TARGETED_DEVICE_FAMILY = "1,2";
				TEST_HOST = "$(BUILT_PRODUCTS_DIR)/Parstagram.app/Parstagram";
			};
			name = Release;
		};
		AE98D134240C94460099F9C5 /* Debug */ = {
			isa = XCBuildConfiguration;
			baseConfigurationReference = C0DAE02A522F3D45FC94AC5D /* Pods-Parstagram-ParstagramUITests.debug.xcconfig */;
			buildSettings = {
				ALWAYS_EMBED_SWIFT_STANDARD_LIBRARIES = YES;
				CODE_SIGN_STYLE = Automatic;
				INFOPLIST_FILE = ParstagramUITests/Info.plist;
				LD_RUNPATH_SEARCH_PATHS = (
					"$(inherited)",
					"@executable_path/Frameworks",
					"@loader_path/Frameworks",
				);
				PRODUCT_BUNDLE_IDENTIFIER = Cmp.ParstagramUITests;
				PRODUCT_NAME = "$(TARGET_NAME)";
				SWIFT_VERSION = 5.0;
				TARGETED_DEVICE_FAMILY = "1,2";
				TEST_TARGET_NAME = Parstagram;
			};
			name = Debug;
		};
		AE98D135240C94460099F9C5 /* Release */ = {
			isa = XCBuildConfiguration;
			baseConfigurationReference = D291795DBB5D73ED604C715C /* Pods-Parstagram-ParstagramUITests.release.xcconfig */;
			buildSettings = {
				ALWAYS_EMBED_SWIFT_STANDARD_LIBRARIES = YES;
				CODE_SIGN_STYLE = Automatic;
				INFOPLIST_FILE = ParstagramUITests/Info.plist;
				LD_RUNPATH_SEARCH_PATHS = (
					"$(inherited)",
					"@executable_path/Frameworks",
					"@loader_path/Frameworks",
				);
				PRODUCT_BUNDLE_IDENTIFIER = Cmp.ParstagramUITests;
				PRODUCT_NAME = "$(TARGET_NAME)";
				SWIFT_VERSION = 5.0;
				TARGETED_DEVICE_FAMILY = "1,2";
				TEST_TARGET_NAME = Parstagram;
			};
			name = Release;
		};
/* End XCBuildConfiguration section */

/* Begin XCConfigurationList section */
		AE98D0FE240C94420099F9C5 /* Build configuration list for PBXProject "Parstagram" */ = {
			isa = XCConfigurationList;
			buildConfigurations = (
				AE98D12B240C94460099F9C5 /* Debug */,
				AE98D12C240C94460099F9C5 /* Release */,
			);
			defaultConfigurationIsVisible = 0;
			defaultConfigurationName = Release;
		};
		AE98D12D240C94460099F9C5 /* Build configuration list for PBXNativeTarget "Parstagram" */ = {
			isa = XCConfigurationList;
			buildConfigurations = (
				AE98D12E240C94460099F9C5 /* Debug */,
				AE98D12F240C94460099F9C5 /* Release */,
			);
			defaultConfigurationIsVisible = 0;
			defaultConfigurationName = Release;
		};
		AE98D130240C94460099F9C5 /* Build configuration list for PBXNativeTarget "ParstagramTests" */ = {
			isa = XCConfigurationList;
			buildConfigurations = (
				AE98D131240C94460099F9C5 /* Debug */,
				AE98D132240C94460099F9C5 /* Release */,
			);
			defaultConfigurationIsVisible = 0;
			defaultConfigurationName = Release;
		};
		AE98D133240C94460099F9C5 /* Build configuration list for PBXNativeTarget "ParstagramUITests" */ = {
			isa = XCConfigurationList;
			buildConfigurations = (
				AE98D134240C94460099F9C5 /* Debug */,
				AE98D135240C94460099F9C5 /* Release */,
			);
			defaultConfigurationIsVisible = 0;
			defaultConfigurationName = Release;
		};
/* End XCConfigurationList section */
	};
	rootObject = AE98D0FB240C94420099F9C5 /* Project object */;
}
